
Microsoft Visual Studio Solution File, Format Version 12.00
# Visual Studio 2012
Project("{FAE04EC0-301F-11D3-BF4B-00C04F79EFBC}") = "Michael_Trimble_Challenge", "Michael_Trimble_Challenge\Michael_Trimble_Challenge.csproj", "{FBBE9436-7AAB-4FC6-BE8D-466578D6536F}"
EndProject
Global
	GlobalSection(SolutionConfigurationPlatforms) = preSolution
		Debug|Any CPU = Debug|Any CPU
		Release|Any CPU = Release|Any CPU
	EndGlobalSection
	GlobalSection(ProjectConfigurationPlatforms) = postSolution
		{FBBE9436-7AAB-4FC6-BE8D-466578D6536F}.Debug|Any CPU.ActiveCfg = Debug|Any CPU
		{FBBE9436-7AAB-4FC6-BE8D-466578D6536F}.Debug|Any CPU.Build.0 = Debug|Any CPU
		{FBBE9436-7AAB-4FC6-BE8D-466578D6536F}.Release|Any CPU.ActiveCfg = Release|Any CPU
		{FBBE9436-7AAB-4FC6-BE8D-466578D6536F}.Release|Any CPU.Build.0 = Release|Any CPU
	EndGlobalSection
EndGlobal
